Microsoft Visual Studio Solution File, Format Version 12.00
# Visual Studio 2012
Project("{FAE04EC0-301F-11D3-BF4B-00C04F79EFBC}") = "Cyber-Resistance-Nov25", "Cyber-Resistance-Nov25.csproj", "{77AC34BA-07F1-41A2-802B-553302DA2EDF}"
EndProject
Global
	GlobalSection(SolutionConfigurationPlatforms) = preSolution
	Debug|Any CPU = Debug|Any CPU
	ExportDebug|Any CPU = ExportDebug|Any CPU
	ExportRelease|Any CPU = ExportRelease|Any CPU
	EndGlobalSection
	GlobalSection(ProjectConfigurationPlatforms) = postSolution
		{77AC34BA-07F1-41A2-802B-553302DA2EDF}.Debug|Any CPU.ActiveCfg = Debug|Any CPU
		{77AC34BA-07F1-41A2-802B-553302DA2EDF}.Debug|Any CPU.Build.0 = Debug|Any CPU
		{77AC34BA-07F1-41A2-802B-553302DA2EDF}.ExportDebug|Any CPU.ActiveCfg = ExportDebug|Any CPU
		{77AC34BA-07F1-41A2-802B-553302DA2EDF}.ExportDebug|Any CPU.Build.0 = ExportDebug|Any CPU
		{77AC34BA-07F1-41A2-802B-553302DA2EDF}.ExportRelease|Any CPU.ActiveCfg = ExportRelease|Any CPU
		{77AC34BA-07F1-41A2-802B-553302DA2EDF}.ExportRelease|Any CPU.Build.0 = ExportRelease|Any CPU
	EndGlobalSection
EndGlobal
