Microsoft Visual Studio Solution File, Format Version 12.00
# Visual Studio 2012
Project("{FAE04EC0-301F-11D3-BF4B-00C04F79EFBC}") = "Cyber-Resistance-Nov25", "Cyber-Resistance-Nov25.csproj", "{AA4E3984-8D21-4895-B754-C93C8AA412D4}"
EndProject
Global
	GlobalSection(SolutionConfigurationPlatforms) = preSolution
	Debug|Any CPU = Debug|Any CPU
	ExportDebug|Any CPU = ExportDebug|Any CPU
	ExportRelease|Any CPU = ExportRelease|Any CPU
	EndGlobalSection
	GlobalSection(ProjectConfigurationPlatforms) = postSolution
		{AA4E3984-8D21-4895-B754-C93C8AA412D4}.Debug|Any CPU.ActiveCfg = Debug|Any CPU
		{AA4E3984-8D21-4895-B754-C93C8AA412D4}.Debug|Any CPU.Build.0 = Debug|Any CPU
		{AA4E3984-8D21-4895-B754-C93C8AA412D4}.ExportDebug|Any CPU.ActiveCfg = ExportDebug|Any CPU
		{AA4E3984-8D21-4895-B754-C93C8AA412D4}.ExportDebug|Any CPU.Build.0 = ExportDebug|Any CPU
		{AA4E3984-8D21-4895-B754-C93C8AA412D4}.ExportRelease|Any CPU.ActiveCfg = ExportRelease|Any CPU
		{AA4E3984-8D21-4895-B754-C93C8AA412D4}.ExportRelease|Any CPU.Build.0 = ExportRelease|Any CPU
	EndGlobalSection
EndGlobal
